Microsoft Visual Studio Solution File, Format Version 12.00
# Visual Studio Version 17
VisualStudioVersion = 17.5.2.0
MinimumVisualStudioVersion = 10.0.40219.1
Project("{FAE04EC0-301F-11D3-BF4B-00C04F79EFBC}") = "inventorysaasbackend", "inventorysaasbackend\inventorysaasbackend.csproj", "{8A70C795-5D36-E641-92FC-6C93E01D51CA}"
EndProject
Global
	GlobalSection(SolutionConfigurationPlatforms) = preSolution
		Debug|Any CPU = Debug|Any CPU
		Release|Any CPU = Release|Any CPU
	EndGlobalSection
	GlobalSection(ProjectConfigurationPlatforms) = postSolution
		{8A70C795-5D36-E641-92FC-6C93E01D51CA}.Debug|Any CPU.ActiveCfg = Debug|Any CPU
		{8A70C795-5D36-E641-92FC-6C93E01D51CA}.Debug|Any CPU.Build.0 = Debug|Any CPU
		{8A70C795-5D36-E641-92FC-6C93E01D51CA}.Release|Any CPU.ActiveCfg = Release|Any CPU
		{8A70C795-5D36-E641-92FC-6C93E01D51CA}.Release|Any CPU.Build.0 = Release|Any CPU
	EndGlobalSection
	GlobalSection(SolutionProperties) = preSolution
		HideSolutionNode = FALSE
	EndGlobalSection
	GlobalSection(ExtensibilityGlobals) = postSolution
		SolutionGuid = {D2C00D29-304B-40E8-970B-5498186D90F7}
	EndGlobalSection
EndGlobal
